
Microsoft Visual Studio Solution File, Format Version 12.00
# Visual Studio Version 17
VisualStudioVersion = 17.14.36408.4
MinimumVisualStudioVersion = 10.0.40219.1
Project("{FAE04EC0-301F-11D3-BF4B-00C04F79EFBC}") = "TMP_Laba3", "TMP_Laba3\TMP_Laba3.csproj", "{2B9F98F3-9B46-4CA0-9D05-D52F5B1107D6}"
EndProject
Project("{FAE04EC0-301F-11D3-BF4B-00C04F79EFBC}") = "TMP_Laba3_Libraries", "TMP_Laba3_Libraries\TMP_Laba3_Libraries.csproj", "{ABB69B83-02FA-4813-B0F2-3E0887A4834C}"
EndProject
Global
	GlobalSection(SolutionConfigurationPlatforms) = preSolution
		Debug|Any CPU = Debug|Any CPU
		Release|Any CPU = Release|Any CPU
	EndGlobalSection
	GlobalSection(ProjectConfigurationPlatforms) = postSolution
		{2B9F98F3-9B46-4CA0-9D05-D52F5B1107D6}.Debug|Any CPU.ActiveCfg = Debug|Any CPU
		{2B9F98F3-9B46-4CA0-9D05-D52F5B1107D6}.Debug|Any CPU.Build.0 = Debug|Any CPU
		{2B9F98F3-9B46-4CA0-9D05-D52F5B1107D6}.Release|Any CPU.ActiveCfg = Release|Any CPU
		{2B9F98F3-9B46-4CA0-9D05-D52F5B1107D6}.Release|Any CPU.Build.0 = Release|Any CPU
		{ABB69B83-02FA-4813-B0F2-3E0887A4834C}.Debug|Any CPU.ActiveCfg = Debug|Any CPU
		{ABB69B83-02FA-4813-B0F2-3E0887A4834C}.Debug|Any CPU.Build.0 = Debug|Any CPU
		{ABB69B83-02FA-4813-B0F2-3E0887A4834C}.Release|Any CPU.ActiveCfg = Release|Any CPU
		{ABB69B83-02FA-4813-B0F2-3E0887A4834C}.Release|Any CPU.Build.0 = Release|Any CPU
	EndGlobalSection
	GlobalSection(SolutionProperties) = preSolution
		HideSolutionNode = FALSE
	EndGlobalSection
	GlobalSection(ExtensibilityGlobals) = postSolution
		SolutionGuid = {0DDBB8D5-7175-468D-80DE-3DA6D6751D4F}
	EndGlobalSection
EndGlobal
